
Microsoft Visual Studio Solution File, Format Version 12.00
# Visual Studio 15
VisualStudioVersion = 15.0.27004.2005
MinimumVisualStudioVersion = 10.0.40219.1
Project("{FAE04EC0-301F-11D3-BF4B-00C04F79EFBC}") = "financialanalysis", "financialanalysis\financialanalysis.csproj", "{7619FD51-CC32-4A12-91CE-773CD3309A2C}"
EndProject
Global
	GlobalSection(SolutionConfigurationPlatforms) = preSolution
		Debug|Any CPU = Debug|Any CPU
		Release|Any CPU = Release|Any CPU
	EndGlobalSection
	GlobalSection(ProjectConfigurationPlatforms) = postSolution
		{7619FD51-CC32-4A12-91CE-773CD3309A2C}.Debug|Any CPU.ActiveCfg = Debug|Any CPU
		{7619FD51-CC32-4A12-91CE-773CD3309A2C}.Debug|Any CPU.Build.0 = Debug|Any CPU
		{7619FD51-CC32-4A12-91CE-773CD3309A2C}.Release|Any CPU.ActiveCfg = Release|Any CPU
		{7619FD51-CC32-4A12-91CE-773CD3309A2C}.Release|Any CPU.Build.0 = Release|Any CPU
	EndGlobalSection
	GlobalSection(SolutionProperties) = preSolution
		HideSolutionNode = FALSE
	EndGlobalSection
	GlobalSection(ExtensibilityGlobals) = postSolution
		SolutionGuid = {C4CF9756-A10E-48C1-B223-0CC2B21A7DCF}
	EndGlobalSection
EndGlobal
